
Microsoft Visual Studio Solution File, Format Version 12.00
# Visual Studio Version 16
VisualStudioVersion = 16.0.29001.49
MinimumVisualStudioVersion = 10.0.40219.1
Project("{FAE04EC0-301F-11D3-BF4B-00C04F79EFBC}") = "ezHeight", "ezHeight\ezHeight.csproj", "{B9CFF400-5E22-4157-8D5F-6B65514FE32F}"
EndProject
Global
	GlobalSection(SolutionConfigurationPlatforms) = preSolution
		Debug|Any CPU = Debug|Any CPU
		Release|Any CPU = Release|Any CPU
	EndGlobalSection
	GlobalSection(ProjectConfigurationPlatforms) = postSolution
		{B9CFF400-5E22-4157-8D5F-6B65514FE32F}.Debug|Any CPU.ActiveCfg = Debug|Any CPU
		{B9CFF400-5E22-4157-8D5F-6B65514FE32F}.Debug|Any CPU.Build.0 = Debug|Any CPU
		{B9CFF400-5E22-4157-8D5F-6B65514FE32F}.Release|Any CPU.ActiveCfg = Release|Any CPU
		{B9CFF400-5E22-4157-8D5F-6B65514FE32F}.Release|Any CPU.Build.0 = Release|Any CPU
	EndGlobalSection
	GlobalSection(SolutionProperties) = preSolution
		HideSolutionNode = FALSE
	EndGlobalSection
	GlobalSection(ExtensibilityGlobals) = postSolution
		SolutionGuid = {DE9FFC56-68CF-43E8-907B-D668EFF9EA21}
	EndGlobalSection
EndGlobal
